// !$*UTF8*$!
{
	archiveVersion = 1;
	classes = {
	};
	objectVersion = 50;
	objects = {

/* Begin PBXBuildFile section */
		1F5C7B6FC1707EBA12B7DBAC /* Pods_AR_DrawingTests.framework in Frameworks */ = {isa = PBXBuildFile; fileRef = 06ADFA9C3C03278426FF0821 /* Pods_AR_DrawingTests.framework */; };
		294BCD89226B9CD000AABDA0 /* Line.swift in Sources */ = {isa = PBXBuildFile; fileRef = 294BCD88226B9CD000AABDA0 /* Line.swift */; };
		294BCD8B226CF21500AABDA0 /* Triangle.swift in Sources */ = {isa = PBXBuildFile; fileRef = 294BCD8A226CF21500AABDA0 /* Triangle.swift */; };
		297BC31922712DB200D62F5E /* Rectangle.swift in Sources */ = {isa = PBXBuildFile; fileRef = 297BC31822712DB200D62F5E /* Rectangle.swift */; };
		297BC31B227141CB00D62F5E /* Constants.swift in Sources */ = {isa = PBXBuildFile; fileRef = 297BC31A227141CB00D62F5E /* Constants.swift */; };
		297BC32122737BAD00D62F5E /* SCNNode + Extensions.swift in Sources */ = {isa = PBXBuildFile; fileRef = 297BC32022737BAD00D62F5E /* SCNNode + Extensions.swift */; };
		297BC324227382F900D62F5E /* NodeRender.metal in Sources */ = {isa = PBXBuildFile; fileRef = 297BC322227382F900D62F5E /* NodeRender.metal */; };
		297BC325227382F900D62F5E /* NodeTechnique.plist in Resources */ = {isa = PBXBuildFile; fileRef = 297BC323227382F900D62F5E /* NodeTechnique.plist */; };
		297BC32722738B6500D62F5E /* UIColor + Extensions.swift in Sources */ = {isa = PBXBuildFile; fileRef = 297BC32622738B6500D62F5E /* UIColor + Extensions.swift */; };
		297BC32F2273D9B400D62F5E /* HalfCircle.swift in Sources */ = {isa = PBXBuildFile; fileRef = 297BC32E2273D9B400D62F5E /* HalfCircle.swift */; };
		297BC3382276182C00D62F5E /* ARVideoKit.framework in Frameworks */ = {isa = PBXBuildFile; fileRef = 297BC3372276182C00D62F5E /* ARVideoKit.framework */; };
		297BC3392276182C00D62F5E /* ARVideoKit.framework in Embed Frameworks */ = {isa = PBXBuildFile; fileRef = 297BC3372276182C00D62F5E /* ARVideoKit.framework */; settings = {ATTRIBUTES = (CodeSignOnCopy, RemoveHeadersOnCopy, ); }; };
		298709752266534C00FF3470 /* Circle.swift in Sources */ = {isa = PBXBuildFile; fileRef = 298709742266534C00FF3470 /* Circle.swift */; };
		29A8F061227651A3003543A6 /* ARSceneViewController + Extensions.swift in Sources */ = {isa = PBXBuildFile; fileRef = 29A8F060227651A3003543A6 /* ARSceneViewController + Extensions.swift */; };
		29B034EE225A9C150096FB0B /* AppDelegate.swift in Sources */ = {isa = PBXBuildFile; fileRef = 29B034ED225A9C150096FB0B /* AppDelegate.swift */; };
		29B034F0225A9C150096FB0B /* art.scnassets in Resources */ = {isa = PBXBuildFile; fileRef = 29B034EF225A9C150096FB0B /* art.scnassets */; };
		29B034F2225A9C150096FB0B /* ARSceneViewController.swift in Sources */ = {isa = PBXBuildFile; fileRef = 29B034F1225A9C150096FB0B /* ARSceneViewController.swift */; };
		29B034F7225A9C170096FB0B /* Assets.xcassets in Resources */ = {isa = PBXBuildFile; fileRef = 29B034F6225A9C170096FB0B /* Assets.xcassets */; };
		29B03505225A9C170096FB0B /* AR_DrawingTests.swift in Sources */ = {isa = PBXBuildFile; fileRef = 29B03504225A9C170096FB0B /* AR_DrawingTests.swift */; };
		29B03510225A9C170096FB0B /* AR_DrawingUITests.swift in Sources */ = {isa = PBXBuildFile; fileRef = 29B0350F225A9C170096FB0B /* AR_DrawingUITests.swift */; };
		29B0351F225AA1CF0096FB0B /* QPointCloudRecognizer.swift in Sources */ = {isa = PBXBuildFile; fileRef = 29B0351E225AA1CF0096FB0B /* QPointCloudRecognizer.swift */; };
		29B03521225AA3640096FB0B /* Point.swift in Sources */ = {isa = PBXBuildFile; fileRef = 29B03520225AA3640096FB0B /* Point.swift */; };
		29B03523225AA4D70096FB0B /* Shape.swift in Sources */ = {isa = PBXBuildFile; fileRef = 29B03522225AA4D70096FB0B /* Shape.swift */; };
		29B03525225AAFEE0096FB0B /* Geometry.swift in Sources */ = {isa = PBXBuildFile; fileRef = 29B03524225AAFEE0096FB0B /* Geometry.swift */; };
		29B03527225C35130096FB0B /* SCNVector3Extensions.swift in Sources */ = {isa = PBXBuildFile; fileRef = 29B03526225C35130096FB0B /* SCNVector3Extensions.swift */; };
		29B03529225CE9B90096FB0B /* Service.swift in Sources */ = {isa = PBXBuildFile; fileRef = 29B03528225CE9B90096FB0B /* Service.swift */; };
		29B0352B225D00D40096FB0B /* float4x4+Extensions.swift in Sources */ = {isa = PBXBuildFile; fileRef = 29B0352A225D00D40096FB0B /* float4x4+Extensions.swift */; };
		74B139B4C08B869C670DA9F6 /* Pods_AR_Drawing.framework in Frameworks */ = {isa = PBXBuildFile; fileRef = C10BEB21A2249C3BC5BA0560 /* Pods_AR_Drawing.framework */; };
		DF6C5D78AC2CCB95EE8AE003 /* Pods_AR_DrawingUITests.framework in Frameworks */ = {isa = PBXBuildFile; fileRef = F42D36FD76D0C7D4A5CF1C1B /* Pods_AR_DrawingUITests.framework */; };
/* End PBXBuildFile section */

/* Begin PBXContainerItemProxy section */
		29B03501225A9C170096FB0B /* PBXContainerItemProxy */ = {
			isa = PBXContainerItemProxy;
			containerPortal = 29B034E2225A9C150096FB0B /* Project object */;
			proxyType = 1;
			remoteGlobalIDString = 29B034E9225A9C150096FB0B;
			remoteInfo = "AR Drawing";
		};
		29B0350C225A9C170096FB0B /* PBXContainerItemProxy */ = {
			isa = PBXContainerItemProxy;
			containerPortal = 29B034E2225A9C150096FB0B /* Project object */;
			proxyType = 1;
			remoteGlobalIDString = 29B034E9225A9C150096FB0B;
			remoteInfo = "AR Drawing";
		};
/* End PBXContainerItemProxy section */

/* Begin PBXCopyFilesBuildPhase section */
		297BC333227611F600D62F5E /* Embed Frameworks */ = {
			isa = PBXCopyFilesBuildPhase;
			buildActionMask = 2147483647;
			dstPath = "";
			dstSubfolderSpec = 10;
			files = (
				297BC3392276182C00D62F5E /* ARVideoKit.framework in Embed Frameworks */,
			);
			name = "Embed Frameworks";
			runOnlyForDeploymentPostprocessing = 0;
		};
/* End PBXCopyFilesBuildPhase section */

/* Begin PBXFileReference section */
		06ADFA9C3C03278426FF0821 /* Pods_AR_DrawingTests.framework */ = {isa = PBXFileReference; explicitFileType = wrapper.framework; includeInIndex = 0; path = Pods_AR_DrawingTests.framework; sourceTree = BUILT_PRODUCTS_DIR; };
		0A1C206E40DB35C6D757C224 /* Pods-AR DrawingTests.debug.xcconfig */ = {isa = PBXFileReference; includeInIndex = 1; lastKnownFileType = text.xcconfig; name = "Pods-AR DrawingTests.debug.xcconfig"; path = "Pods/Target Support Files/Pods-AR DrawingTests/Pods-AR DrawingTests.debug.xcconfig"; sourceTree = "<group>"; };
		0BD5EC22C654FC2F0C325BA9 /* Pods-AR Drawing.debug.xcconfig */ = {isa = PBXFileReference; includeInIndex = 1; lastKnownFileType = text.xcconfig; name = "Pods-AR Drawing.debug.xcconfig"; path = "Pods/Target Support Files/Pods-AR Drawing/Pods-AR Drawing.debug.xcconfig"; sourceTree = "<group>"; };
		0DA38F407BC6F6571C626CB6 /* Pods-AR Drawing.release.xcconfig */ = {isa = PBXFileReference; includeInIndex = 1; lastKnownFileType = text.xcconfig; name = "Pods-AR Drawing.release.xcconfig"; path = "Pods/Target Support Files/Pods-AR Drawing/Pods-AR Drawing.release.xcconfig"; sourceTree = "<group>"; };
		10307DBB41DDB6DD2F4A36AB /* Pods-AR DrawingTests.release.xcconfig */ = {isa = PBXFileReference; includeInIndex = 1; lastKnownFileType = text.xcconfig; name = "Pods-AR DrawingTests.release.xcconfig"; path = "Pods/Target Support Files/Pods-AR DrawingTests/Pods-AR DrawingTests.release.xcconfig"; sourceTree = "<group>"; };
		13326852A2D2D2D479570C5F /* Pods-AR DrawingUITests.release.xcconfig */ = {isa = PBXFileReference; includeInIndex = 1; lastKnownFileType = text.xcconfig; name = "Pods-AR DrawingUITests.release.xcconfig"; path = "Pods/Target Support Files/Pods-AR DrawingUITests/Pods-AR DrawingUITests.release.xcconfig"; sourceTree = "<group>"; };
		294BCD88226B9CD000AABDA0 /* Line.swift */ = {isa = PBXFileReference; lastKnownFileType = sourcecode.swift; path = Line.swift; sourceTree = "<group>"; };
		294BCD8A226CF21500AABDA0 /* Triangle.swift */ = {isa = PBXFileReference; lastKnownFileType = sourcecode.swift; path = Triangle.swift; sourceTree = "<group>"; };
		297BC31822712DB200D62F5E /* Rectangle.swift */ = {isa = PBXFileReference; lastKnownFileType = sourcecode.swift; path = Rectangle.swift; sourceTree = "<group>"; };
		297BC31A227141CB00D62F5E /* Constants.swift */ = {isa = PBXFileReference; lastKnownFileType = sourcecode.swift; path = Constants.swift; sourceTree = "<group>"; };
		297BC32022737BAD00D62F5E /* SCNNode + Extensions.swift */ = {isa = PBXFileReference; lastKnownFileType = sourcecode.swift; path = "SCNNode + Extensions.swift"; sourceTree = "<group>"; };
		297BC322227382F900D62F5E /* NodeRender.metal */ = {isa = PBXFileReference; fileEncoding = 4; lastKnownFileType = sourcecode.metal; path = NodeRender.metal; sourceTree = "<group>"; };
		297BC323227382F900D62F5E /* NodeTechnique.plist */ = {isa = PBXFileReference; fileEncoding = 4; lastKnownFileType = text.plist.xml; path = NodeTechnique.plist; sourceTree = "<group>"; };
		297BC32622738B6500D62F5E /* UIColor + Extensions.swift */ = {isa = PBXFileReference; lastKnownFileType = sourcecode.swift; path = "UIColor + Extensions.swift"; sourceTree = "<group>"; };
		297BC32E2273D9B400D62F5E /* HalfCircle.swift */ = {isa = PBXFileReference; lastKnownFileType = sourcecode.swift; path = HalfCircle.swift; sourceTree = "<group>"; };
		297BC3372276182C00D62F5E /* ARVideoKit.framework */ = {isa = PBXFileReference; lastKnownFileType = wrapper.framework; path = ARVideoKit.framework; sourceTree = "<group>"; };
		298709742266534C00FF3470 /* Circle.swift */ = {isa = PBXFileReference; lastKnownFileType = sourcecode.swift; path = Circle.swift; sourceTree = "<group>"; };
		29A8F060227651A3003543A6 /* ARSceneViewController + Extensions.swift */ = {isa = PBXFileReference; lastKnownFileType = sourcecode.swift; path = "ARSceneViewController + Extensions.swift"; sourceTree = "<group>"; };
		29B034EA225A9C150096FB0B /* AR Drawing.app */ = {isa = PBXFileReference; explicitFileType = wrapper.application; includeInIndex = 0; path = "AR Drawing.app"; sourceTree = BUILT_PRODUCTS_DIR; };
		29B034ED225A9C150096FB0B /* AppDelegate.swift */ = {isa = PBXFileReference; lastKnownFileType = sourcecode.swift; path = AppDelegate.swift; sourceTree = "<group>"; };
		29B034EF225A9C150096FB0B /* art.scnassets */ = {isa = PBXFileReference; lastKnownFileType = wrapper.scnassets; path = art.scnassets; sourceTree = "<group>"; };
		29B034F1225A9C150096FB0B /* ARSceneViewController.swift */ = {isa = PBXFileReference; lastKnownFileType = sourcecode.swift; path = ARSceneViewController.swift; sourceTree = "<group>"; };
		29B034F6225A9C170096FB0B /* Assets.xcassets */ = {isa = PBXFileReference; lastKnownFileType = folder.assetcatalog; path = Assets.xcassets; sourceTree = "<group>"; };
		29B034FB225A9C170096FB0B /* Info.plist */ = {isa = PBXFileReference; lastKnownFileType = text.plist.xml; path = Info.plist; sourceTree = "<group>"; };
		29B03500225A9C170096FB0B /* AR DrawingTests.xctest */ = {isa = PBXFileReference; explicitFileType = wrapper.cfbundle; includeInIndex = 0; path = "AR DrawingTests.xctest"; sourceTree = BUILT_PRODUCTS_DIR; };
		29B03504225A9C170096FB0B /* AR_DrawingTests.swift */ = {isa = PBXFileReference; lastKnownFileType = sourcecode.swift; path = AR_DrawingTests.swift; sourceTree = "<group>"; };
		29B03506225A9C170096FB0B /* Info.plist */ = {isa = PBXFileReference; lastKnownFileType = text.plist.xml; path = Info.plist; sourceTree = "<group>"; };
		29B0350B225A9C170096FB0B /* AR DrawingUITests.xctest */ = {isa = PBXFileReference; explicitFileType = wrapper.cfbundle; includeInIndex = 0; path = "AR DrawingUITests.xctest"; sourceTree = BUILT_PRODUCTS_DIR; };
		29B0350F225A9C170096FB0B /* AR_DrawingUITests.swift */ = {isa = PBXFileReference; lastKnownFileType = sourcecode.swift; path = AR_DrawingUITests.swift; sourceTree = "<group>"; };
		29B03511225A9C170096FB0B /* Info.plist */ = {isa = PBXFileReference; lastKnownFileType = text.plist.xml; path = Info.plist; sourceTree = "<group>"; };
		29B0351E225AA1CF0096FB0B /* QPointCloudRecognizer.swift */ = {isa = PBXFileReference; lastKnownFileType = sourcecode.swift; path = QPointCloudRecognizer.swift; sourceTree = "<group>"; };
		29B03520225AA3640096FB0B /* Point.swift */ = {isa = PBXFileReference; lastKnownFileType = sourcecode.swift; path = Point.swift; sourceTree = "<group>"; };
		29B03522225AA4D70096FB0B /* Shape.swift */ = {isa = PBXFileReference; lastKnownFileType = sourcecode.swift; path = Shape.swift; sourceTree = "<group>"; };
		29B03524225AAFEE0096FB0B /* Geometry.swift */ = {isa = PBXFileReference; lastKnownFileType = sourcecode.swift; path = Geometry.swift; sourceTree = "<group>"; };
		29B03526225C35130096FB0B /* SCNVector3Extensions.swift */ = {isa = PBXFileReference; lastKnownFileType = sourcecode.swift; path = SCNVector3Extensions.swift; sourceTree = "<group>"; };
		29B03528225CE9B90096FB0B /* Service.swift */ = {isa = PBXFileReference; lastKnownFileType = sourcecode.swift; path = Service.swift; sourceTree = "<group>"; };
		29B0352A225D00D40096FB0B /* float4x4+Extensions.swift */ = {isa = PBXFileReference; fileEncoding = 4; lastKnownFileType = sourcecode.swift; path = "float4x4+Extensions.swift"; sourceTree = "<group>"; };
		C10BEB21A2249C3BC5BA0560 /* Pods_AR_Drawing.framework */ = {isa = PBXFileReference; explicitFileType = wrapper.framework; includeInIndex = 0; path = Pods_AR_Drawing.framework; sourceTree = BUILT_PRODUCTS_DIR; };
		E38EBA81D0D992C8D2564BD6 /* Pods-AR DrawingUITests.debug.xcconfig */ = {isa = PBXFileReference; includeInIndex = 1; lastKnownFileType = text.xcconfig; name = "Pods-AR DrawingUITests.debug.xcconfig"; path = "Pods/Target Support Files/Pods-AR DrawingUITests/Pods-AR DrawingUITests.debug.xcconfig"; sourceTree = "<group>"; };
		F42D36FD76D0C7D4A5CF1C1B /* Pods_AR_DrawingUITests.framework */ = {isa = PBXFileReference; explicitFileType = wrapper.framework; includeInIndex = 0; path = Pods_AR_DrawingUITests.framework; sourceTree = BUILT_PRODUCTS_DIR; };
/* End PBXFileReference section */

/* Begin PBXFrameworksBuildPhase section */
		29B034E7225A9C150096FB0B /* Frameworks */ = {
			isa = PBXFrameworksBuildPhase;
			buildActionMask = 2147483647;
			files = (
				297BC3382276182C00D62F5E /* ARVideoKit.framework in Frameworks */,
				74B139B4C08B869C670DA9F6 /* Pods_AR_Drawing.framework in Frameworks */,
			);
			runOnlyForDeploymentPostprocessing = 0;
		};
		29B034FD225A9C170096FB0B /* Frameworks */ = {
			isa = PBXFrameworksBuildPhase;
			buildActionMask = 2147483647;
			files = (
				1F5C7B6FC1707EBA12B7DBAC /* Pods_AR_DrawingTests.framework in Frameworks */,
			);
			runOnlyForDeploymentPostprocessing = 0;
		};
		29B03508225A9C170096FB0B /* Frameworks */ = {
			isa = PBXFrameworksBuildPhase;
			buildActionMask = 2147483647;
			files = (
				DF6C5D78AC2CCB95EE8AE003 /* Pods_AR_DrawingUITests.framework in Frameworks */,
			);
			runOnlyForDeploymentPostprocessing = 0;
		};
/* End PBXFrameworksBuildPhase section */

/* Begin PBXGroup section */
		297BC32822738DF100D62F5E /* Shader */ = {
			isa = PBXGroup;
			children = (
				297BC322227382F900D62F5E /* NodeRender.metal */,
				297BC323227382F900D62F5E /* NodeTechnique.plist */,
			);
			path = Shader;
			sourceTree = "<group>";
		};
		298709722266530200FF3470 /* Extensions */ = {
			isa = PBXGroup;
			children = (
				29B0352A225D00D40096FB0B /* float4x4+Extensions.swift */,
				29B03526225C35130096FB0B /* SCNVector3Extensions.swift */,
				297BC32022737BAD00D62F5E /* SCNNode + Extensions.swift */,
				297BC32622738B6500D62F5E /* UIColor + Extensions.swift */,
			);
			path = Extensions;
			sourceTree = "<group>";
		};
		298709732266533600FF3470 /* Shapes */ = {
			isa = PBXGroup;
			children = (
				298709742266534C00FF3470 /* Circle.swift */,
				294BCD88226B9CD000AABDA0 /* Line.swift */,
				294BCD8A226CF21500AABDA0 /* Triangle.swift */,
				297BC31822712DB200D62F5E /* Rectangle.swift */,
				297BC32E2273D9B400D62F5E /* HalfCircle.swift */,
			);
			path = Shapes;
			sourceTree = "<group>";
		};
		29A8F06222765241003543A6 /* View Controllers */ = {
			isa = PBXGroup;
			children = (
				29B034F1225A9C150096FB0B /* ARSceneViewController.swift */,
				29A8F060227651A3003543A6 /* ARSceneViewController + Extensions.swift */,
			);
			path = "View Controllers";
			sourceTree = "<group>";
		};
		29B034E1225A9C150096FB0B = {
			isa = PBXGroup;
			children = (
				29B034EC225A9C150096FB0B /* AR Drawing */,
				29B03503225A9C170096FB0B /* AR DrawingTests */,
				29B0350E225A9C170096FB0B /* AR DrawingUITests */,
				29B034EB225A9C150096FB0B /* Products */,
				33EDCEF700790BF6F583F983 /* Pods */,
				536B1C75E3F72D3A7A2C0646 /* Frameworks */,
			);
			sourceTree = "<group>";
		};
		29B034EB225A9C150096FB0B /* Products */ = {
			isa = PBXGroup;
			children = (
				29B034EA225A9C150096FB0B /* AR Drawing.app */,
				29B03500225A9C170096FB0B /* AR DrawingTests.xctest */,
				29B0350B225A9C170096FB0B /* AR DrawingUITests.xctest */,
			);
			name = Products;
			sourceTree = "<group>";
		};
		29B034EC225A9C150096FB0B /* AR Drawing */ = {
			isa = PBXGroup;
			children = (
				297BC32822738DF100D62F5E /* Shader */,
				298709732266533600FF3470 /* Shapes */,
				29B0351D225AA1B00096FB0B /* QPoints */,
				29A8F06222765241003543A6 /* View Controllers */,
				29B034ED225A9C150096FB0B /* AppDelegate.swift */,
				29B034EF225A9C150096FB0B /* art.scnassets */,
				297BC31A227141CB00D62F5E /* Constants.swift */,
				29B03528225CE9B90096FB0B /* Service.swift */,
				298709722266530200FF3470 /* Extensions */,
				29B034F6225A9C170096FB0B /* Assets.xcassets */,
				29B034FB225A9C170096FB0B /* Info.plist */,
			);
			path = "AR Drawing";
			sourceTree = "<group>";
		};
		29B03503225A9C170096FB0B /* AR DrawingTests */ = {
			isa = PBXGroup;
			children = (
				29B03504225A9C170096FB0B /* AR_DrawingTests.swift */,
				29B03506225A9C170096FB0B /* Info.plist */,
			);
			path = "AR DrawingTests";
			sourceTree = "<group>";
		};
		29B0350E225A9C170096FB0B /* AR DrawingUITests */ = {
			isa = PBXGroup;
			children = (
				29B0350F225A9C170096FB0B /* AR_DrawingUITests.swift */,
				29B03511225A9C170096FB0B /* Info.plist */,
			);
			path = "AR DrawingUITests";
			sourceTree = "<group>";
		};
		29B0351D225AA1B00096FB0B /* QPoints */ = {
			isa = PBXGroup;
			children = (
				29B0351E225AA1CF0096FB0B /* QPointCloudRecognizer.swift */,
				29B03522225AA4D70096FB0B /* Shape.swift */,
				29B03524225AAFEE0096FB0B /* Geometry.swift */,
				29B03520225AA3640096FB0B /* Point.swift */,
			);
			path = QPoints;
			sourceTree = "<group>";
		};
		33EDCEF700790BF6F583F983 /* Pods */ = {
			isa = PBXGroup;
			children = (
				0BD5EC22C654FC2F0C325BA9 /* Pods-AR Drawing.debug.xcconfig */,
				0DA38F407BC6F6571C626CB6 /* Pods-AR Drawing.release.xcconfig */,
				0A1C206E40DB35C6D757C224 /* Pods-AR DrawingTests.debug.xcconfig */,
				10307DBB41DDB6DD2F4A36AB /* Pods-AR DrawingTests.release.xcconfig */,
				E38EBA81D0D992C8D2564BD6 /* Pods-AR DrawingUITests.debug.xcconfig */,
				13326852A2D2D2D479570C5F /* Pods-AR DrawingUITests.release.xcconfig */,
			);
			name = Pods;
			sourceTree = "<group>";
		};
		536B1C75E3F72D3A7A2C0646 /* Frameworks */ = {
			isa = PBXGroup;
			children = (
				297BC3372276182C00D62F5E /* ARVideoKit.framework */,
				C10BEB21A2249C3BC5BA0560 /* Pods_AR_Drawing.framework */,
				06ADFA9C3C03278426FF0821 /* Pods_AR_DrawingTests.framework */,
				F42D36FD76D0C7D4A5CF1C1B /* Pods_AR_DrawingUITests.framework */,
			);
			name = Frameworks;
			sourceTree = "<group>";
		};
/* End PBXGroup section */

/* Begin PBXNativeTarget section */
		29B034E9225A9C150096FB0B /* AR Drawing */ = {
			isa = PBXNativeTarget;
			buildConfigurationList = 29B03514225A9C170096FB0B /* Build configuration list for PBXNativeTarget "AR Drawing" */;
			buildPhases = (
				212C7375B84243E21192AD0B /* [CP] Check Pods Manifest.lock */,
				29B034E6225A9C150096FB0B /* Sources */,
				29B034E7225A9C150096FB0B /* Frameworks */,
				29B034E8225A9C150096FB0B /* Resources */,
				C15BF86AAF921E3D5E711FED /* [CP] Embed Pods Frameworks */,
				297BC333227611F600D62F5E /* Embed Frameworks */,
			);
			buildRules = (
			);
			dependencies = (
			);
			name = "AR Drawing";
			productName = "AR Drawing";
			productReference = 29B034EA225A9C150096FB0B /* AR Drawing.app */;
			productType = "com.apple.product-type.application";
		};
		29B034FF225A9C170096FB0B /* AR DrawingTests */ = {
			isa = PBXNativeTarget;
			buildConfigurationList = 29B03517225A9C170096FB0B /* Build configuration list for PBXNativeTarget "AR DrawingTests" */;
			buildPhases = (
				2DCF21146F02A6DA8200916F /* [CP] Check Pods Manifest.lock */,
				29B034FC225A9C170096FB0B /* Sources */,
				29B034FD225A9C170096FB0B /* Frameworks */,
				29B034FE225A9C170096FB0B /* Resources */,
			);
			buildRules = (
			);
			dependencies = (
				29B03502225A9C170096FB0B /* PBXTargetDependency */,
			);
			name = "AR DrawingTests";
			productName = "AR DrawingTests";
			productReference = 29B03500225A9C170096FB0B /* AR DrawingTests.xctest */;
			productType = "com.apple.product-type.bundle.unit-test";
		};
		29B0350A225A9C170096FB0B /* AR DrawingUITests */ = {
			isa = PBXNativeTarget;
			buildConfigurationList = 29B0351A225A9C170096FB0B /* Build configuration list for PBXNativeTarget "AR DrawingUITests" */;
			buildPhases = (
				029F9F68AC11F45271B740E6 /* [CP] Check Pods Manifest.lock */,
				29B03507225A9C170096FB0B /* Sources */,
				29B03508225A9C170096FB0B /* Frameworks */,
				29B03509225A9C170096FB0B /* Resources */,
			);
			buildRules = (
			);
			dependencies = (
				29B0350D225A9C170096FB0B /* PBXTargetDependency */,
			);
			name = "AR DrawingUITests";
			productName = "AR DrawingUITests";
			productReference = 29B0350B225A9C170096FB0B /* AR DrawingUITests.xctest */;
			productType = "com.apple.product-type.bundle.ui-testing";
		};
/* End PBXNativeTarget section */

/* Begin PBXProject section */
		29B034E2225A9C150096FB0B /* Project object */ = {
			isa = PBXProject;
			attributes = {
				LastSwiftUpdateCheck = 1020;
				LastUpgradeCheck = 1020;
				ORGANIZATIONNAME = "Shawn Ma";
				TargetAttributes = {
					29B034E9225A9C150096FB0B = {
						CreatedOnToolsVersion = 10.2;
					};
					29B034FF225A9C170096FB0B = {
						CreatedOnToolsVersion = 10.2;
						TestTargetID = 29B034E9225A9C150096FB0B;
					};
					29B0350A225A9C170096FB0B = {
						CreatedOnToolsVersion = 10.2;
						TestTargetID = 29B034E9225A9C150096FB0B;
					};
				};
			};
			buildConfigurationList = 29B034E5225A9C150096FB0B /* Build configuration list for PBXProject "AR Drawing" */;
			compatibilityVersion = "Xcode 9.3";
			developmentRegion = en;
			hasScannedForEncodings = 0;
			knownRegions = (
				en,
				Base,
			);
			mainGroup = 29B034E1225A9C150096FB0B;
			productRefGroup = 29B034EB225A9C150096FB0B /* Products */;
			projectDirPath = "";
			projectRoot = "";
			targets = (
				29B034E9225A9C150096FB0B /* AR Drawing */,
				29B034FF225A9C170096FB0B /* AR DrawingTests */,
				29B0350A225A9C170096FB0B /* AR DrawingUITests */,
			);
		};
/* End PBXProject section */

/* Begin PBXResourcesBuildPhase section */
		29B034E8225A9C150096FB0B /* Resources */ = {
			isa = PBXResourcesBuildPhase;
			buildActionMask = 2147483647;
			files = (
				29B034F0225A9C150096FB0B /* art.scnassets in Resources */,
				297BC325227382F900D62F5E /* NodeTechnique.plist in Resources */,
				29B034F7225A9C170096FB0B /* Assets.xcassets in Resources */,
			);
			runOnlyForDeploymentPostprocessing = 0;
		};
		29B034FE225A9C170096FB0B /* Resources */ = {
			isa = PBXResourcesBuildPhase;
			buildActionMask = 2147483647;
			files = (
			);
			runOnlyForDeploymentPostprocessing = 0;
		};
		29B03509225A9C170096FB0B /* Resources */ = {
			isa = PBXResourcesBuildPhase;
			buildActionMask = 2147483647;
			files = (
			);
			runOnlyForDeploymentPostprocessing = 0;
		};
/* End PBXResourcesBuildPhase section */

/* Begin PBXShellScriptBuildPhase section */
		029F9F68AC11F45271B740E6 /* [CP] Check Pods Manifest.lock */ = {
			isa = PBXShellScriptBuildPhase;
			buildActionMask = 2147483647;
			files = (
			);
			inputPaths = (
				"${PODS_PODFILE_DIR_PATH}/Podfile.lock",
				"${PODS_ROOT}/Manifest.lock",
			);
			name = "[CP] Check Pods Manifest.lock";
			outputPaths = (
				"$(DERIVED_FILE_DIR)/Pods-AR DrawingUITests-checkManifestLockResult.txt",
			);
			runOnlyForDeploymentPostprocessing = 0;
			shellPath = /bin/sh;
			shellScript = "diff \"${PODS_PODFILE_DIR_PATH}/Podfile.lock\" \"${PODS_ROOT}/Manifest.lock\" > /dev/null\nif [ $? != 0 ] ; then\n    # print error to STDERR\n    echo \"error: The sandbox is not in sync with the Podfile.lock. Run 'pod install' or update your CocoaPods installation.\" >&2\n    exit 1\nfi\n# This output is used by Xcode 'outputs' to avoid re-running this script phase.\necho \"SUCCESS\" > \"${SCRIPT_OUTPUT_FILE_0}\"\n";
			showEnvVarsInLog = 0;
		};
		212C7375B84243E21192AD0B /* [CP] Check Pods Manifest.lock */ = {
			isa = PBXShellScriptBuildPhase;
			buildActionMask = 2147483647;
			files = (
			);
			inputPaths = (
				"${PODS_PODFILE_DIR_PATH}/Podfile.lock",
				"${PODS_ROOT}/Manifest.lock",
			);
			name = "[CP] Check Pods Manifest.lock";
			outputPaths = (
				"$(DERIVED_FILE_DIR)/Pods-AR Drawing-checkManifestLockResult.txt",
			);
			runOnlyForDeploymentPostprocessing = 0;
			shellPath = /bin/sh;
			shellScript = "diff \"${PODS_PODFILE_DIR_PATH}/Podfile.lock\" \"${PODS_ROOT}/Manifest.lock\" > /dev/null\nif [ $? != 0 ] ; then\n    # print error to STDERR\n    echo \"error: The sandbox is not in sync with the Podfile.lock. Run 'pod install' or update your CocoaPods installation.\" >&2\n    exit 1\nfi\n# This output is used by Xcode 'outputs' to avoid re-running this script phase.\necho \"SUCCESS\" > \"${SCRIPT_OUTPUT_FILE_0}\"\n";
			showEnvVarsInLog = 0;
		};
		2DCF21146F02A6DA8200916F /* [CP] Check Pods Manifest.lock */ = {
			isa = PBXShellScriptBuildPhase;
			buildActionMask = 2147483647;
			files = (
			);
			inputPaths = (
				"${PODS_PODFILE_DIR_PATH}/Podfile.lock",
				"${PODS_ROOT}/Manifest.lock",
			);
			name = "[CP] Check Pods Manifest.lock";
			outputPaths = (
				"$(DERIVED_FILE_DIR)/Pods-AR DrawingTests-checkManifestLockResult.txt",
			);
			runOnlyForDeploymentPostprocessing = 0;
			shellPath = /bin/sh;
			shellScript = "diff \"${PODS_PODFILE_DIR_PATH}/Podfile.lock\" \"${PODS_ROOT}/Manifest.lock\" > /dev/null\nif [ $? != 0 ] ; then\n    # print error to STDERR\n    echo \"error: The sandbox is not in sync with the Podfile.lock. Run 'pod install' or update your CocoaPods installation.\" >&2\n    exit 1\nfi\n# This output is used by Xcode 'outputs' to avoid re-running this script phase.\necho \"SUCCESS\" > \"${SCRIPT_OUTPUT_FILE_0}\"\n";
			showEnvVarsInLog = 0;
		};
		C15BF86AAF921E3D5E711FED /* [CP] Embed Pods Frameworks */ = {
			isa = PBXShellScriptBuildPhase;
			buildActionMask = 2147483647;
			files = (
			);
			inputPaths = (
				"${SRCROOT}/Pods/Target Support Files/Pods-AR Drawing/Pods-AR Drawing-frameworks.sh",
				"${BUILT_PRODUCTS_DIR}/SnapKit/SnapKit.framework",
				"${BUILT_PRODUCTS_DIR}/SwiftyBeaver/SwiftyBeaver.framework",
			);
			name = "[CP] Embed Pods Frameworks";
			outputPaths = (
				"${TARGET_BUILD_DIR}/${FRAMEWORKS_FOLDER_PATH}/SnapKit.framework",
				"${TARGET_BUILD_DIR}/${FRAMEWORKS_FOLDER_PATH}/SwiftyBeaver.framework",
			);
			runOnlyForDeploymentPostprocessing = 0;
			shellPath = /bin/sh;
			shellScript = "\"${SRCROOT}/Pods/Target Support Files/Pods-AR Drawing/Pods-AR Drawing-frameworks.sh\"\n";
			showEnvVarsInLog = 0;
		};
/* End PBXShellScriptBuildPhase section */

/* Begin PBXSourcesBuildPhase section */
		29B034E6225A9C150096FB0B /* Sources */ = {
			isa = PBXSourcesBuildPhase;
			buildActionMask = 2147483647;
			files = (
				29B03523225AA4D70096FB0B /* Shape.swift in Sources */,
				29B0352B225D00D40096FB0B /* float4x4+Extensions.swift in Sources */,
				297BC32F2273D9B400D62F5E /* HalfCircle.swift in Sources */,
				29B03529225CE9B90096FB0B /* Service.swift in Sources */,
				297BC32722738B6500D62F5E /* UIColor + Extensions.swift in Sources */,
				297BC31922712DB200D62F5E /* Rectangle.swift in Sources */,
				294BCD8B226CF21500AABDA0 /* Triangle.swift in Sources */,
				29B03525225AAFEE0096FB0B /* Geometry.swift in Sources */,
				29B03527225C35130096FB0B /* SCNVector3Extensions.swift in Sources */,
				297BC324227382F900D62F5E /* NodeRender.metal in Sources */,
				298709752266534C00FF3470 /* Circle.swift in Sources */,
				29B03521225AA3640096FB0B /* Point.swift in Sources */,
				297BC32122737BAD00D62F5E /* SCNNode + Extensions.swift in Sources */,
				29B0351F225AA1CF0096FB0B /* QPointCloudRecognizer.swift in Sources */,
				29B034F2225A9C150096FB0B /* ARSceneViewController.swift in Sources */,
				297BC31B227141CB00D62F5E /* Constants.swift in Sources */,
				29A8F061227651A3003543A6 /* ARSceneViewController + Extensions.swift in Sources */,
				294BCD89226B9CD000AABDA0 /* Line.swift in Sources */,
				29B034EE225A9C150096FB0B /* AppDelegate.swift in Sources */,
			);
			runOnlyForDeploymentPostprocessing = 0;
		};
		29B034FC225A9C170096FB0B /* Sources */ = {
			isa = PBXSourcesBuildPhase;
			buildActionMask = 2147483647;
			files = (
				29B03505225A9C170096FB0B /* AR_DrawingTests.swift in Sources */,
			);
			runOnlyForDeploymentPostprocessing = 0;
		};
		29B03507225A9C170096FB0B /* Sources */ = {
			isa = PBXSourcesBuildPhase;
			buildActionMask = 2147483647;
			files = (
				29B03510225A9C170096FB0B /* AR_DrawingUITests.swift in Sources */,
			);
			runOnlyForDeploymentPostprocessing = 0;
		};
/* End PBXSourcesBuildPhase section */

/* Begin PBXTargetDependency section */
		29B03502225A9C170096FB0B /* PBXTargetDependency */ = {
			isa = PBXTargetDependency;
			target = 29B034E9225A9C150096FB0B /* AR Drawing */;
			targetProxy = 29B03501225A9C170096FB0B /* PBXContainerItemProxy */;
		};
		29B0350D225A9C170096FB0B /* PBXTargetDependency */ = {
			isa = PBXTargetDependency;
			target = 29B034E9225A9C150096FB0B /* AR Drawing */;
			targetProxy = 29B0350C225A9C170096FB0B /* PBXContainerItemProxy */;
		};
/* End PBXTargetDependency section */

/* Begin XCBuildConfiguration section */
		29B03512225A9C170096FB0B /* Debug */ = {
			isa = XCBuildConfiguration;
			buildSettings = {
				ALWAYS_SEARCH_USER_PATHS = NO;
				CLANG_ANALYZER_NONNULL = YES;
				CLANG_ANALYZER_NUMBER_OBJECT_CONVERSION = YES_AGGRESSIVE;
				CLANG_CXX_LANGUAGE_STANDARD = "gnu++14";
				CLANG_CXX_LIBRARY = "libc++";
				CLANG_ENABLE_MODULES = YES;
				CLANG_ENABLE_OBJC_ARC = YES;
				CLANG_ENABLE_OBJC_WEAK = YES;
				CLANG_WARN_BLOCK_CAPTURE_AUTORELEASING = YES;
				CLANG_WARN_BOOL_CONVERSION = YES;
				CLANG_WARN_COMMA = YES;
				CLANG_WARN_CONSTANT_CONVERSION = YES;
				CLANG_WARN_DEPRECATED_OBJC_IMPLEMENTATIONS = YES;
				CLANG_WARN_DIRECT_OBJC_ISA_USAGE = YES_ERROR;
				CLANG_WARN_DOCUMENTATION_COMMENTS = YES;
				CLANG_WARN_EMPTY_BODY = YES;
				CLANG_WARN_ENUM_CONVERSION = YES;
				CLANG_WARN_INFINITE_RECURSION = YES;
				CLANG_WARN_INT_CONVERSION = YES;
				CLANG_WARN_NON_LITERAL_NULL_CONVERSION = YES;
				CLANG_WARN_OBJC_IMPLICIT_RETAIN_SELF = YES;
				CLANG_WARN_OBJC_LITERAL_CONVERSION = YES;
				CLANG_WARN_OBJC_ROOT_CLASS = YES_ERROR;
				CLANG_WARN_RANGE_LOOP_ANALYSIS = YES;
				CLANG_WARN_STRICT_PROTOTYPES = YES;
				CLANG_WARN_SUSPICIOUS_MOVE = YES;
				CLANG_WARN_UNGUARDED_AVAILABILITY = YES_AGGRESSIVE;
				CLANG_WARN_UNREACHABLE_CODE = YES;
				CLANG_WARN__DUPLICATE_METHOD_MATCH = YES;
				CODE_SIGN_IDENTITY = "iPhone Developer";
				COPY_PHASE_STRIP = NO;
				DEBUG_INFORMATION_FORMAT = dwarf;
				ENABLE_STRICT_OBJC_MSGSEND = YES;
				ENABLE_TESTABILITY = YES;
				GCC_C_LANGUAGE_STANDARD = gnu11;
				GCC_DYNAMIC_NO_PIC = NO;
				GCC_NO_COMMON_BLOCKS = YES;
				GCC_OPTIMIZATION_LEVEL = 0;
				GCC_PREPROCESSOR_DEFINITIONS = (
					"DEBUG=1",
					"$(inherited)",
				);
				GCC_WARN_64_TO_32_BIT_CONVERSION = YES;
				GCC_WARN_ABOUT_RETURN_TYPE = YES_ERROR;
				GCC_WARN_UNDECLARED_SELECTOR = YES;
				GCC_WARN_UNINITIALIZED_AUTOS = YES_AGGRESSIVE;
				GCC_WARN_UNUSED_FUNCTION = YES;
				GCC_WARN_UNUSED_VARIABLE = YES;
				IPHONEOS_DEPLOYMENT_TARGET = 12.2;
				MTL_ENABLE_DEBUG_INFO = INCLUDE_SOURCE;
				MTL_FAST_MATH = YES;
				ONLY_ACTIVE_ARCH = YES;
				SDKROOT = iphoneos;
				SWIFT_ACTIVE_COMPILATION_CONDITIONS = DEBUG;
				SWIFT_OPTIMIZATION_LEVEL = "-Onone";
			};
			name = Debug;
		};
		29B03513225A9C170096FB0B /* Release */ = {
			isa = XCBuildConfiguration;
			buildSettings = {
				ALWAYS_SEARCH_USER_PATHS = NO;
				CLANG_ANALYZER_NONNULL = YES;
				CLANG_ANALYZER_NUMBER_OBJECT_CONVERSION = YES_AGGRESSIVE;
				CLANG_CXX_LANGUAGE_STANDARD = "gnu++14";
				CLANG_CXX_LIBRARY = "libc++";
				CLANG_ENABLE_MODULES = YES;
				CLANG_ENABLE_OBJC_ARC = YES;
				CLANG_ENABLE_OBJC_WEAK = YES;
				CLANG_WARN_BLOCK_CAPTURE_AUTORELEASING = YES;
				CLANG_WARN_BOOL_CONVERSION = YES;
				CLANG_WARN_COMMA = YES;
				CLANG_WARN_CONSTANT_CONVERSION = YES;
				CLANG_WARN_DEPRECATED_OBJC_IMPLEMENTATIONS = YES;
				CLANG_WARN_DIRECT_OBJC_ISA_USAGE = YES_ERROR;
				CLANG_WARN_DOCUMENTATION_COMMENTS = YES;
				CLANG_WARN_EMPTY_BODY = YES;
				CLANG_WARN_ENUM_CONVERSION = YES;
				CLANG_WARN_INFINITE_RECURSION = YES;
				CLANG_WARN_INT_CONVERSION = YES;
				CLANG_WARN_NON_LITERAL_NULL_CONVERSION = YES;
				CLANG_WARN_OBJC_IMPLICIT_RETAIN_SELF = YES;
				CLANG_WARN_OBJC_LITERAL_CONVERSION = YES;
				CLANG_WARN_OBJC_ROOT_CLASS = YES_ERROR;
				CLANG_WARN_RANGE_LOOP_ANALYSIS = YES;
				CLANG_WARN_STRICT_PROTOTYPES = YES;
				CLANG_WARN_SUSPICIOUS_MOVE = YES;
				CLANG_WARN_UNGUARDED_AVAILABILITY = YES_AGGRESSIVE;
				CLANG_WARN_UNREACHABLE_CODE = YES;
				CLANG_WARN__DUPLICATE_METHOD_MATCH = YES;
				CODE_SIGN_IDENTITY = "iPhone Developer";
				COPY_PHASE_STRIP = NO;
				DEBUG_INFORMATION_FORMAT = "dwarf-with-dsym";
				ENABLE_NS_ASSERTIONS = NO;
				ENABLE_STRICT_OBJC_MSGSEND = YES;
				GCC_C_LANGUAGE_STANDARD = gnu11;
				GCC_NO_COMMON_BLOCKS = YES;
				GCC_WARN_64_TO_32_BIT_CONVERSION = YES;
				GCC_WARN_ABOUT_RETURN_TYPE = YES_ERROR;
				GCC_WARN_UNDECLARED_SELECTOR = YES;
				GCC_WARN_UNINITIALIZED_AUTOS = YES_AGGRESSIVE;
				GCC_WARN_UNUSED_FUNCTION = YES;
				GCC_WARN_UNUSED_VARIABLE = YES;
				IPHONEOS_DEPLOYMENT_TARGET = 12.2;
				MTL_ENABLE_DEBUG_INFO = NO;
				MTL_FAST_MATH = YES;
				SDKROOT = iphoneos;
				SWIFT_COMPILATION_MODE = wholemodule;
				SWIFT_OPTIMIZATION_LEVEL = "-O";
				VALIDATE_PRODUCT = YES;
			};
			name = Release;
		};
		29B03515225A9C170096FB0B /* Debug */ = {
			isa = XCBuildConfiguration;
			baseConfigurationReference = 0BD5EC22C654FC2F0C325BA9 /* Pods-AR Drawing.debug.xcconfig */;
			buildSettings = {
				ASSETCATALOG_COMPILER_APPICON_NAME = AppIcon;
				CODE_SIGN_STYLE = Automatic;
				DEVELOPMENT_TEAM = 47XMMG9HCB;
				FRAMEWORK_SEARCH_PATHS = (
					"$(inherited)",
					"$(PROJECT_DIR)",
				);
				INFOPLIST_FILE = "AR Drawing/Info.plist";
				LD_RUNPATH_SEARCH_PATHS = (
					"$(inherited)",
					"@executable_path/Frameworks",
				);
				PRODUCT_BUNDLE_IDENTIFIER = "com.shawnma.AR-Drawing";
				PRODUCT_NAME = "$(TARGET_NAME)";
				SWIFT_VERSION = 5.0;
				TARGETED_DEVICE_FAMILY = "1,2";
			};
			name = Debug;
		};
		29B03516225A9C170096FB0B /* Release */ = {
			isa = XCBuildConfiguration;
			baseConfigurationReference = 0DA38F407BC6F6571C626CB6 /* Pods-AR Drawing.release.xcconfig */;
			buildSettings = {
				ASSETCATALOG_COMPILER_APPICON_NAME = AppIcon;
				CODE_SIGN_STYLE = Automatic;
				DEVELOPMENT_TEAM = 47XMMG9HCB;
				FRAMEWORK_SEARCH_PATHS = (
					"$(inherited)",
					"$(PROJECT_DIR)",
				);
				INFOPLIST_FILE = "AR Drawing/Info.plist";
				LD_RUNPATH_SEARCH_PATHS = (
					"$(inherited)",
					"@executable_path/Frameworks",
				);
				PRODUCT_BUNDLE_IDENTIFIER = "com.shawnma.AR-Drawing";
				PRODUCT_NAME = "$(TARGET_NAME)";
				SWIFT_VERSION = 5.0;
				TARGETED_DEVICE_FAMILY = "1,2";
			};
			name = Release;
		};
		29B03518225A9C170096FB0B /* Debug */ = {
			isa = XCBuildConfiguration;
			baseConfigurationReference = 0A1C206E40DB35C6D757C224 /* Pods-AR DrawingTests.debug.xcconfig */;
			buildSettings = {
				ALWAYS_EMBED_SWIFT_STANDARD_LIBRARIES = YES;
				BUNDLE_LOADER = "$(TEST_HOST)";
				CODE_SIGN_STYLE = Automatic;
				DEVELOPMENT_TEAM = 47XMMG9HCB;
				INFOPLIST_FILE = "AR DrawingTests/Info.plist";
				LD_RUNPATH_SEARCH_PATHS = (
					"$(inherited)",
					"@executable_path/Frameworks",
					"@loader_path/Frameworks",
				);
				PRODUCT_BUNDLE_IDENTIFIER = "com.shawnma.AR-DrawingTests";
				PRODUCT_NAME = "$(TARGET_NAME)";
				SWIFT_VERSION = 5.0;
				TARGETED_DEVICE_FAMILY = "1,2";
				TEST_HOST = "$(BUILT_PRODUCTS_DIR)/AR Drawing.app/AR Drawing";
			};
			name = Debug;
		};
		29B03519225A9C170096FB0B /* Release */ = {
			isa = XCBuildConfiguration;
			baseConfigurationReference = 10307DBB41DDB6DD2F4A36AB /* Pods-AR DrawingTests.release.xcconfig */;
			buildSettings = {
				ALWAYS_EMBED_SWIFT_STANDARD_LIBRARIES = YES;
				BUNDLE_LOADER = "$(TEST_HOST)";
				CODE_SIGN_STYLE = Automatic;
				DEVELOPMENT_TEAM = 47XMMG9HCB;
				INFOPLIST_FILE = "AR DrawingTests/Info.plist";
				LD_RUNPATH_SEARCH_PATHS = (
					"$(inherited)",
					"@executable_path/Frameworks",
					"@loader_path/Frameworks",
				);
				PRODUCT_BUNDLE_IDENTIFIER = "com.shawnma.AR-DrawingTests";
				PRODUCT_NAME = "$(TARGET_NAME)";
				SWIFT_VERSION = 5.0;
				TARGETED_DEVICE_FAMILY = "1,2";
				TEST_HOST = "$(BUILT_PRODUCTS_DIR)/AR Drawing.app/AR Drawing";
			};
			name = Release;
		};
		29B0351B225A9C170096FB0B /* Debug */ = {
			isa = XCBuildConfiguration;
			baseConfigurationReference = E38EBA81D0D992C8D2564BD6 /* Pods-AR DrawingUITests.debug.xcconfig */;
			buildSettings = {
				ALWAYS_EMBED_SWIFT_STANDARD_LIBRARIES = YES;
				CODE_SIGN_STYLE = Automatic;
				DEVELOPMENT_TEAM = 47XMMG9HCB;
				INFOPLIST_FILE = "AR DrawingUITests/Info.plist";
				LD_RUNPATH_SEARCH_PATHS = (
					"$(inherited)",
					"@executable_path/Frameworks",
					"@loader_path/Frameworks",
				);
				PRODUCT_BUNDLE_IDENTIFIER = "com.shawnma.AR-DrawingUITests";
				PRODUCT_NAME = "$(TARGET_NAME)";
				SWIFT_VERSION = 5.0;
				TARGETED_DEVICE_FAMILY = "1,2";
				TEST_TARGET_NAME = "AR Drawing";
			};
			name = Debug;
		};
		29B0351C225A9C170096FB0B /* Release */ = {
			isa = XCBuildConfiguration;
			baseConfigurationReference = 13326852A2D2D2D479570C5F /* Pods-AR DrawingUITests.release.xcconfig */;
			buildSettings = {
				ALWAYS_EMBED_SWIFT_STANDARD_LIBRARIES = YES;
				CODE_SIGN_STYLE = Automatic;
				DEVELOPMENT_TEAM = 47XMMG9HCB;
				INFOPLIST_FILE = "AR DrawingUITests/Info.plist";
				LD_RUNPATH_SEARCH_PATHS = (
					"$(inherited)",
					"@executable_path/Frameworks",
					"@loader_path/Frameworks",
				);
				PRODUCT_BUNDLE_IDENTIFIER = "com.shawnma.AR-DrawingUITests";
				PRODUCT_NAME = "$(TARGET_NAME)";
				SWIFT_VERSION = 5.0;
				TARGETED_DEVICE_FAMILY = "1,2";
				TEST_TARGET_NAME = "AR Drawing";
			};
			name = Release;
		};
/* End XCBuildConfiguration section */

/* Begin XCConfigurationList section */
		29B034E5225A9C150096FB0B /* Build configuration list for PBXProject "AR Drawing" */ = {
			isa = XCConfigurationList;
			buildConfigurations = (
				29B03512225A9C170096FB0B /* Debug */,
				29B03513225A9C170096FB0B /* Release */,
			);
			defaultConfigurationIsVisible = 0;
			defaultConfigurationName = Release;
		};
		29B03514225A9C170096FB0B /* Build configuration list for PBXNativeTarget "AR Drawing" */ = {
			isa = XCConfigurationList;
			buildConfigurations = (
				29B03515225A9C170096FB0B /* Debug */,
				29B03516225A9C170096FB0B /* Release */,
			);
			defaultConfigurationIsVisible = 0;
			defaultConfigurationName = Release;
		};
		29B03517225A9C170096FB0B /* Build configuration list for PBXNativeTarget "AR DrawingTests" */ = {
			isa = XCConfigurationList;
			buildConfigurations = (
				29B03518225A9C170096FB0B /* Debug */,
				29B03519225A9C170096FB0B /* Release */,
			);
			defaultConfigurationIsVisible = 0;
			defaultConfigurationName = Release;
		};
		29B0351A225A9C170096FB0B /* Build configuration list for PBXNativeTarget "AR DrawingUITests" */ = {
			isa = XCConfigurationList;
			buildConfigurations = (
				29B0351B225A9C170096FB0B /* Debug */,
				29B0351C225A9C170096FB0B /* Release */,
			);
			defaultConfigurationIsVisible = 0;
			defaultConfigurationName = Release;
		};
/* End XCConfigurationList section */
	};
	rootObject = 29B034E2225A9C150096FB0B /* Project object */;
}
